
Microsoft Visual Studio Solution File, Format Version 12.00
# Visual Studio Version 16
VisualStudioVersion = 16.0.30503.244
MinimumVisualStudioVersion = 10.0.40219.1
Project("{9A19103F-16F7-4668-BE54-9A1E7A4F7556}") = "1. Count Same Values in Array", "1. Count Same Values in Array\1. Count Same Values in Array.csproj", "{81A3014E-ADA4-44D4-93AE-80369FDDBFCD}"
EndProject
Project("{9A19103F-16F7-4668-BE54-9A1E7A4F7556}") = "2. Average Student Grades", "2. Average Student Grades\2. Average Student Grades.csproj", "{ABE491C9-EC55-41FF-806A-2CE8D04838D5}"
EndProject
Project("{9A19103F-16F7-4668-BE54-9A1E7A4F7556}") = "3. Product Shop", "3. Product Shop\3. Product Shop.csproj", "{337A1D0A-380B-46A8-915C-BCB9A4B8ECB6}"
EndProject
Project("{9A19103F-16F7-4668-BE54-9A1E7A4F7556}") = "4. Cities by Continent and Country", "4. Cities by Continent and Country\4. Cities by Continent and Country.csproj", "{916CAC79-79BF-47A2-8108-0D1716D70B6C}"
EndProject
Project("{FAE04EC0-301F-11D3-BF4B-00C04F79EFBC}") = "5. Record Unique Names", "5. Record Unique Names\5. Record Unique Names.csproj", "{AF6C0DEB-4401-4823-90B4-2F73EB91D0E7}"
EndProject
Project("{FAE04EC0-301F-11D3-BF4B-00C04F79EFBC}") = "6. Parking Lot", "6. Parking Lot\6. Parking Lot.csproj", "{8CF4D68B-D9F1-4F73-A363-E323C72F1A29}"
EndProject
Project("{FAE04EC0-301F-11D3-BF4B-00C04F79EFBC}") = "7. SoftUni Party", "7. SoftUni Party\7. SoftUni Party.csproj", "{1C133D6D-2FA7-41F9-9450-6C6FC6BC826D}"
EndProject
Global
	GlobalSection(SolutionConfigurationPlatforms) = preSolution
		Debug|Any CPU = Debug|Any CPU
		Release|Any CPU = Release|Any CPU
	EndGlobalSection
	GlobalSection(ProjectConfigurationPlatforms) = postSolution
		{81A3014E-ADA4-44D4-93AE-80369FDDBFCD}.Debug|Any CPU.ActiveCfg = Debug|Any CPU
		{81A3014E-ADA4-44D4-93AE-80369FDDBFCD}.Debug|Any CPU.Build.0 = Debug|Any CPU
		{81A3014E-ADA4-44D4-93AE-80369FDDBFCD}.Release|Any CPU.ActiveCfg = Release|Any CPU
		{81A3014E-ADA4-44D4-93AE-80369FDDBFCD}.Release|Any CPU.Build.0 = Release|Any CPU
		{ABE491C9-EC55-41FF-806A-2CE8D04838D5}.Debug|Any CPU.ActiveCfg = Debug|Any CPU
		{ABE491C9-EC55-41FF-806A-2CE8D04838D5}.Debug|Any CPU.Build.0 = Debug|Any CPU
		{ABE491C9-EC55-41FF-806A-2CE8D04838D5}.Release|Any CPU.ActiveCfg = Release|Any CPU
		{ABE491C9-EC55-41FF-806A-2CE8D04838D5}.Release|Any CPU.Build.0 = Release|Any CPU
		{337A1D0A-380B-46A8-915C-BCB9A4B8ECB6}.Debug|Any CPU.ActiveCfg = Debug|Any CPU
		{337A1D0A-380B-46A8-915C-BCB9A4B8ECB6}.Debug|Any CPU.Build.0 = Debug|Any CPU
		{337A1D0A-380B-46A8-915C-BCB9A4B8ECB6}.Release|Any CPU.ActiveCfg = Release|Any CPU
		{337A1D0A-380B-46A8-915C-BCB9A4B8ECB6}.Release|Any CPU.Build.0 = Release|Any CPU
		{916CAC79-79BF-47A2-8108-0D1716D70B6C}.Debug|Any CPU.ActiveCfg = Debug|Any CPU
		{916CAC79-79BF-47A2-8108-0D1716D70B6C}.Debug|Any CPU.Build.0 = Debug|Any CPU
		{916CAC79-79BF-47A2-8108-0D1716D70B6C}.Release|Any CPU.ActiveCfg = Release|Any CPU
		{916CAC79-79BF-47A2-8108-0D1716D70B6C}.Release|Any CPU.Build.0 = Release|Any CPU
		{AF6C0DEB-4401-4823-90B4-2F73EB91D0E7}.Debug|Any CPU.ActiveCfg = Debug|Any CPU
		{AF6C0DEB-4401-4823-90B4-2F73EB91D0E7}.Debug|Any CPU.Build.0 = Debug|Any CPU
		{AF6C0DEB-4401-4823-90B4-2F73EB91D0E7}.Release|Any CPU.ActiveCfg = Release|Any CPU
		{AF6C0DEB-4401-4823-90B4-2F73EB91D0E7}.Release|Any CPU.Build.0 = Release|Any CPU
		{8CF4D68B-D9F1-4F73-A363-E323C72F1A29}.Debug|Any CPU.ActiveCfg = Debug|Any CPU
		{8CF4D68B-D9F1-4F73-A363-E323C72F1A29}.Debug|Any CPU.Build.0 = Debug|Any CPU
		{8CF4D68B-D9F1-4F73-A363-E323C72F1A29}.Release|Any CPU.ActiveCfg = Release|Any CPU
		{8CF4D68B-D9F1-4F73-A363-E323C72F1A29}.Release|Any CPU.Build.0 = Release|Any CPU
		{1C133D6D-2FA7-41F9-9450-6C6FC6BC826D}.Debug|Any CPU.ActiveCfg = Debug|Any CPU
		{1C133D6D-2FA7-41F9-9450-6C6FC6BC826D}.Debug|Any CPU.Build.0 = Debug|Any CPU
		{1C133D6D-2FA7-41F9-9450-6C6FC6BC826D}.Release|Any CPU.ActiveCfg = Release|Any CPU
		{1C133D6D-2FA7-41F9-9450-6C6FC6BC826D}.Release|Any CPU.Build.0 = Release|Any CPU
	EndGlobalSection
	GlobalSection(SolutionProperties) = preSolution
		HideSolutionNode = FALSE
	EndGlobalSection
	GlobalSection(ExtensibilityGlobals) = postSolution
		SolutionGuid = {B1C8B464-2C22-4A1B-9DA7-2B7F49C87EC1}
	EndGlobalSection
EndGlobal
