
Microsoft Visual Studio Solution File, Format Version 12.00
# Visual Studio Version 16
VisualStudioVersion = 16.0.30503.244
MinimumVisualStudioVersion = 10.0.40219.1
Project("{FAE04EC0-301F-11D3-BF4B-00C04F79EFBC}") = "SpeedRacing", "SpeedRacing.csproj", "{570186F8-967C-4069-B8CE-0E443E500355}"
EndProject
Global
	GlobalSection(SolutionConfigurationPlatforms) = preSolution
		Debug|Any CPU = Debug|Any CPU
		Release|Any CPU = Release|Any CPU
	EndGlobalSection
	GlobalSection(ProjectConfigurationPlatforms) = postSolution
		{570186F8-967C-4069-B8CE-0E443E500355}.Debug|Any CPU.ActiveCfg = Debug|Any CPU
		{570186F8-967C-4069-B8CE-0E443E500355}.Debug|Any CPU.Build.0 = Debug|Any CPU
		{570186F8-967C-4069-B8CE-0E443E500355}.Release|Any CPU.ActiveCfg = Release|Any CPU
		{570186F8-967C-4069-B8CE-0E443E500355}.Release|Any CPU.Build.0 = Release|Any CPU
	EndGlobalSection
	GlobalSection(SolutionProperties) = preSolution
		HideSolutionNode = FALSE
	EndGlobalSection
	GlobalSection(ExtensibilityGlobals) = postSolution
		SolutionGuid = {FBA6F8B4-2987-4602-8856-817A142A214C}
	EndGlobalSection
EndGlobal
