
Microsoft Visual Studio Solution File, Format Version 12.00
# Visual Studio Version 16
VisualStudioVersion = 16.0.30503.244
MinimumVisualStudioVersion = 10.0.40219.1
Project("{9A19103F-16F7-4668-BE54-9A1E7A4F7556}") = "1. Odd Lines", "1. Odd Lines\1. Odd Lines.csproj", "{374763CE-BEDD-45E5-8388-B6875BDEC243}"
EndProject
Project("{9A19103F-16F7-4668-BE54-9A1E7A4F7556}") = "StreamsDemo", "StreamsDemo\StreamsDemo.csproj", "{ED03C80B-D3B8-4BC3-ADCE-9AD947883740}"
EndProject
Project("{FAE04EC0-301F-11D3-BF4B-00C04F79EFBC}") = "2. Line Numbers", "2. Line Numbers\2. Line Numbers.csproj", "{85972064-31C0-46FA-897A-21502BDAA117}"
EndProject
Project("{FAE04EC0-301F-11D3-BF4B-00C04F79EFBC}") = "3. Word Count", "3. Word Count\3. Word Count.csproj", "{C5F6534C-88B9-40B8-9533-BAC751DBA1D4}"
EndProject
Global
	GlobalSection(SolutionConfigurationPlatforms) = preSolution
		Debug|Any CPU = Debug|Any CPU
		Release|Any CPU = Release|Any CPU
	EndGlobalSection
	GlobalSection(ProjectConfigurationPlatforms) = postSolution
		{374763CE-BEDD-45E5-8388-B6875BDEC243}.Debug|Any CPU.ActiveCfg = Debug|Any CPU
		{374763CE-BEDD-45E5-8388-B6875BDEC243}.Debug|Any CPU.Build.0 = Debug|Any CPU
		{374763CE-BEDD-45E5-8388-B6875BDEC243}.Release|Any CPU.ActiveCfg = Release|Any CPU
		{374763CE-BEDD-45E5-8388-B6875BDEC243}.Release|Any CPU.Build.0 = Release|Any CPU
		{ED03C80B-D3B8-4BC3-ADCE-9AD947883740}.Debug|Any CPU.ActiveCfg = Debug|Any CPU
		{ED03C80B-D3B8-4BC3-ADCE-9AD947883740}.Debug|Any CPU.Build.0 = Debug|Any CPU
		{ED03C80B-D3B8-4BC3-ADCE-9AD947883740}.Release|Any CPU.ActiveCfg = Release|Any CPU
		{ED03C80B-D3B8-4BC3-ADCE-9AD947883740}.Release|Any CPU.Build.0 = Release|Any CPU
		{85972064-31C0-46FA-897A-21502BDAA117}.Debug|Any CPU.ActiveCfg = Debug|Any CPU
		{85972064-31C0-46FA-897A-21502BDAA117}.Debug|Any CPU.Build.0 = Debug|Any CPU
		{85972064-31C0-46FA-897A-21502BDAA117}.Release|Any CPU.ActiveCfg = Release|Any CPU
		{85972064-31C0-46FA-897A-21502BDAA117}.Release|Any CPU.Build.0 = Release|Any CPU
		{C5F6534C-88B9-40B8-9533-BAC751DBA1D4}.Debug|Any CPU.ActiveCfg = Debug|Any CPU
		{C5F6534C-88B9-40B8-9533-BAC751DBA1D4}.Debug|Any CPU.Build.0 = Debug|Any CPU
		{C5F6534C-88B9-40B8-9533-BAC751DBA1D4}.Release|Any CPU.ActiveCfg = Release|Any CPU
		{C5F6534C-88B9-40B8-9533-BAC751DBA1D4}.Release|Any CPU.Build.0 = Release|Any CPU
	EndGlobalSection
	GlobalSection(SolutionProperties) = preSolution
		HideSolutionNode = FALSE
	EndGlobalSection
	GlobalSection(ExtensibilityGlobals) = postSolution
		SolutionGuid = {582D8F21-4CEC-4B9E-829A-B1A6559B701F}
	EndGlobalSection
EndGlobal
