
Microsoft Visual Studio Solution File, Format Version 12.00
# Visual Studio Version 16
VisualStudioVersion = 16.0.30330.147
MinimumVisualStudioVersion = 10.0.40219.1
Project("{9A19103F-16F7-4668-BE54-9A1E7A4F7556}") = "7. Truck Tour", "7. Truck Tour\7. Truck Tour.csproj", "{13EB690C-31D1-43AD-8DA5-5574EF4E01C3}"
EndProject
Project("{9A19103F-16F7-4668-BE54-9A1E7A4F7556}") = "12. Cups and Bottles", "12. Cups and Bottles\12. Cups and Bottles.csproj", "{00EB9D00-AC3C-480C-B66C-BA080956DF65}"
EndProject
Project("{9A19103F-16F7-4668-BE54-9A1E7A4F7556}") = "11. Key Revolver", "11. Key Revolver\11. Key Revolver.csproj", "{5B903D92-BDA2-4BC7-8C6B-3807EC68B470}"
EndProject
Project("{9A19103F-16F7-4668-BE54-9A1E7A4F7556}") = "1. Basic Stack Operations", "1. Basic Stack Operations\1. Basic Stack Operations.csproj", "{8C50531F-E7C1-41B6-A5FC-7E4CADF1079E}"
EndProject
Project("{9A19103F-16F7-4668-BE54-9A1E7A4F7556}") = "2. Basic Queue Operations", "2. Basic Queue Operations\2. Basic Queue Operations.csproj", "{9C31CE57-A9FC-4DAC-840E-47F7033B1317}"
EndProject
Project("{9A19103F-16F7-4668-BE54-9A1E7A4F7556}") = "3. Maximum and Minimum Element", "3. Maximum and Minimum Element\3. Maximum and Minimum Element.csproj", "{1942ED73-E73A-4661-ADDD-4639D3AE7065}"
EndProject
Project("{9A19103F-16F7-4668-BE54-9A1E7A4F7556}") = "4. Fast Food", "4. Fast Food\4. Fast Food.csproj", "{391DC363-4913-471C-991B-2216CECC6AAE}"
EndProject
Project("{9A19103F-16F7-4668-BE54-9A1E7A4F7556}") = "5. Fashion Boutique", "5. Fashion Boutique\5. Fashion Boutique.csproj", "{B8D94A74-DDF1-41BD-8CB2-D10BA7F7A3D2}"
EndProject
Project("{9A19103F-16F7-4668-BE54-9A1E7A4F7556}") = "6. Songs Queue", "6. Songs Queue\6. Songs Queue.csproj", "{BE53A453-0301-4065-A96A-CBDF24A66947}"
EndProject
Project("{9A19103F-16F7-4668-BE54-9A1E7A4F7556}") = "8. Balanced Parentheses", "8. Balanced Parentheses\8. Balanced Parentheses.csproj", "{E18C0145-5528-4191-956D-9361515DA97B}"
EndProject
Project("{9A19103F-16F7-4668-BE54-9A1E7A4F7556}") = "9. Simple Text Editor", "9. Simple Text Editor\9. Simple Text Editor.csproj", "{C2868813-7116-4840-8EAC-7E27AA978C51}"
EndProject
Project("{9A19103F-16F7-4668-BE54-9A1E7A4F7556}") = "10.Crossroads", "10.Crossroads\10.Crossroads.csproj", "{7B3FA00C-4203-47A2-B928-220DD8846FBD}"
EndProject
Project("{FAE04EC0-301F-11D3-BF4B-00C04F79EFBC}") = "_9._Simple_Text_Editor_v2", "_9._Simple_Text_Editor_v2\_9._Simple_Text_Editor_v2.csproj", "{4C6C2A59-9C23-4849-AB13-EC1C5D35845A}"
EndProject
Project("{FAE04EC0-301F-11D3-BF4B-00C04F79EFBC}") = "_9._Simple_Text_Editor_v3", "_9._Simple_Text_Editor_v3\_9._Simple_Text_Editor_v3.csproj", "{762C4402-D51D-4108-A552-AB3A92362A18}"
EndProject
Global
	GlobalSection(SolutionConfigurationPlatforms) = preSolution
		Debug|Any CPU = Debug|Any CPU
		Release|Any CPU = Release|Any CPU
	EndGlobalSection
	GlobalSection(ProjectConfigurationPlatforms) = postSolution
		{13EB690C-31D1-43AD-8DA5-5574EF4E01C3}.Debug|Any CPU.ActiveCfg = Debug|Any CPU
		{13EB690C-31D1-43AD-8DA5-5574EF4E01C3}.Debug|Any CPU.Build.0 = Debug|Any CPU
		{13EB690C-31D1-43AD-8DA5-5574EF4E01C3}.Release|Any CPU.ActiveCfg = Release|Any CPU
		{13EB690C-31D1-43AD-8DA5-5574EF4E01C3}.Release|Any CPU.Build.0 = Release|Any CPU
		{00EB9D00-AC3C-480C-B66C-BA080956DF65}.Debug|Any CPU.ActiveCfg = Debug|Any CPU
		{00EB9D00-AC3C-480C-B66C-BA080956DF65}.Debug|Any CPU.Build.0 = Debug|Any CPU
		{00EB9D00-AC3C-480C-B66C-BA080956DF65}.Release|Any CPU.ActiveCfg = Release|Any CPU
		{00EB9D00-AC3C-480C-B66C-BA080956DF65}.Release|Any CPU.Build.0 = Release|Any CPU
		{5B903D92-BDA2-4BC7-8C6B-3807EC68B470}.Debug|Any CPU.ActiveCfg = Debug|Any CPU
		{5B903D92-BDA2-4BC7-8C6B-3807EC68B470}.Debug|Any CPU.Build.0 = Debug|Any CPU
		{5B903D92-BDA2-4BC7-8C6B-3807EC68B470}.Release|Any CPU.ActiveCfg = Release|Any CPU
		{5B903D92-BDA2-4BC7-8C6B-3807EC68B470}.Release|Any CPU.Build.0 = Release|Any CPU
		{8C50531F-E7C1-41B6-A5FC-7E4CADF1079E}.Debug|Any CPU.ActiveCfg = Debug|Any CPU
		{8C50531F-E7C1-41B6-A5FC-7E4CADF1079E}.Debug|Any CPU.Build.0 = Debug|Any CPU
		{8C50531F-E7C1-41B6-A5FC-7E4CADF1079E}.Release|Any CPU.ActiveCfg = Release|Any CPU
		{8C50531F-E7C1-41B6-A5FC-7E4CADF1079E}.Release|Any CPU.Build.0 = Release|Any CPU
		{9C31CE57-A9FC-4DAC-840E-47F7033B1317}.Debug|Any CPU.ActiveCfg = Debug|Any CPU
		{9C31CE57-A9FC-4DAC-840E-47F7033B1317}.Debug|Any CPU.Build.0 = Debug|Any CPU
		{9C31CE57-A9FC-4DAC-840E-47F7033B1317}.Release|Any CPU.ActiveCfg = Release|Any CPU
		{9C31CE57-A9FC-4DAC-840E-47F7033B1317}.Release|Any CPU.Build.0 = Release|Any CPU
		{1942ED73-E73A-4661-ADDD-4639D3AE7065}.Debug|Any CPU.ActiveCfg = Debug|Any CPU
		{1942ED73-E73A-4661-ADDD-4639D3AE7065}.Debug|Any CPU.Build.0 = Debug|Any CPU
		{1942ED73-E73A-4661-ADDD-4639D3AE7065}.Release|Any CPU.ActiveCfg = Release|Any CPU
		{1942ED73-E73A-4661-ADDD-4639D3AE7065}.Release|Any CPU.Build.0 = Release|Any CPU
		{391DC363-4913-471C-991B-2216CECC6AAE}.Debug|Any CPU.ActiveCfg = Debug|Any CPU
		{391DC363-4913-471C-991B-2216CECC6AAE}.Debug|Any CPU.Build.0 = Debug|Any CPU
		{391DC363-4913-471C-991B-2216CECC6AAE}.Release|Any CPU.ActiveCfg = Release|Any CPU
		{391DC363-4913-471C-991B-2216CECC6AAE}.Release|Any CPU.Build.0 = Release|Any CPU
		{B8D94A74-DDF1-41BD-8CB2-D10BA7F7A3D2}.Debug|Any CPU.ActiveCfg = Debug|Any CPU
		{B8D94A74-DDF1-41BD-8CB2-D10BA7F7A3D2}.Debug|Any CPU.Build.0 = Debug|Any CPU
		{B8D94A74-DDF1-41BD-8CB2-D10BA7F7A3D2}.Release|Any CPU.ActiveCfg = Release|Any CPU
		{B8D94A74-DDF1-41BD-8CB2-D10BA7F7A3D2}.Release|Any CPU.Build.0 = Release|Any CPU
		{BE53A453-0301-4065-A96A-CBDF24A66947}.Debug|Any CPU.ActiveCfg = Debug|Any CPU
		{BE53A453-0301-4065-A96A-CBDF24A66947}.Debug|Any CPU.Build.0 = Debug|Any CPU
		{BE53A453-0301-4065-A96A-CBDF24A66947}.Release|Any CPU.ActiveCfg = Release|Any CPU
		{BE53A453-0301-4065-A96A-CBDF24A66947}.Release|Any CPU.Build.0 = Release|Any CPU
		{E18C0145-5528-4191-956D-9361515DA97B}.Debug|Any CPU.ActiveCfg = Debug|Any CPU
		{E18C0145-5528-4191-956D-9361515DA97B}.Debug|Any CPU.Build.0 = Debug|Any CPU
		{E18C0145-5528-4191-956D-9361515DA97B}.Release|Any CPU.ActiveCfg = Release|Any CPU
		{E18C0145-5528-4191-956D-9361515DA97B}.Release|Any CPU.Build.0 = Release|Any CPU
		{C2868813-7116-4840-8EAC-7E27AA978C51}.Debug|Any CPU.ActiveCfg = Debug|Any CPU
		{C2868813-7116-4840-8EAC-7E27AA978C51}.Debug|Any CPU.Build.0 = Debug|Any CPU
		{C2868813-7116-4840-8EAC-7E27AA978C51}.Release|Any CPU.ActiveCfg = Release|Any CPU
		{C2868813-7116-4840-8EAC-7E27AA978C51}.Release|Any CPU.Build.0 = Release|Any CPU
		{7B3FA00C-4203-47A2-B928-220DD8846FBD}.Debug|Any CPU.ActiveCfg = Debug|Any CPU
		{7B3FA00C-4203-47A2-B928-220DD8846FBD}.Debug|Any CPU.Build.0 = Debug|Any CPU
		{7B3FA00C-4203-47A2-B928-220DD8846FBD}.Release|Any CPU.ActiveCfg = Release|Any CPU
		{7B3FA00C-4203-47A2-B928-220DD8846FBD}.Release|Any CPU.Build.0 = Release|Any CPU
		{4C6C2A59-9C23-4849-AB13-EC1C5D35845A}.Debug|Any CPU.ActiveCfg = Debug|Any CPU
		{4C6C2A59-9C23-4849-AB13-EC1C5D35845A}.Debug|Any CPU.Build.0 = Debug|Any CPU
		{4C6C2A59-9C23-4849-AB13-EC1C5D35845A}.Release|Any CPU.ActiveCfg = Release|Any CPU
		{4C6C2A59-9C23-4849-AB13-EC1C5D35845A}.Release|Any CPU.Build.0 = Release|Any CPU
		{762C4402-D51D-4108-A552-AB3A92362A18}.Debug|Any CPU.ActiveCfg = Debug|Any CPU
		{762C4402-D51D-4108-A552-AB3A92362A18}.Debug|Any CPU.Build.0 = Debug|Any CPU
		{762C4402-D51D-4108-A552-AB3A92362A18}.Release|Any CPU.ActiveCfg = Release|Any CPU
		{762C4402-D51D-4108-A552-AB3A92362A18}.Release|Any CPU.Build.0 = Release|Any CPU
	EndGlobalSection
	GlobalSection(SolutionProperties) = preSolution
		HideSolutionNode = FALSE
	EndGlobalSection
	GlobalSection(ExtensibilityGlobals) = postSolution
		SolutionGuid = {47030C29-6A18-4516-99AD-23752B418E69}
	EndGlobalSection
EndGlobal
